
Microsoft Visual Studio Solution File, Format Version 12.00
# Visual Studio Version 17
VisualStudioVersion = 17.8.34309.116
MinimumVisualStudioVersion = 10.0.40219.1
Project("{8BC9CEB8-8B4A-11D0-8D11-00A0C91BC942}") = "AltTab", "AltTab.vcxproj", "{0DE0E137-9287-4521-B9FC-D5F73C426200}"
EndProject
Global
	GlobalSection(SolutionConfigurationPlatforms) = preSolution
		Debug|x64 = Debug|x64
		Debug|x86 = Debug|x86
		Release|x64 = Release|x64
		Release|x86 = Release|x86
		ReleaseNoLogger|x64 = ReleaseNoLogger|x64
		ReleaseNoLogger|x86 = ReleaseNoLogger|x86
	EndGlobalSection
	GlobalSection(ProjectConfigurationPlatforms) = postSolution
		{0DE0E137-9287-4521-B9FC-D5F73C426200}.Debug|x64.ActiveCfg = Debug|x64
		{0DE0E137-9287-4521-B9FC-D5F73C426200}.Debug|x64.Build.0 = Debug|x64
		{0DE0E137-9287-4521-B9FC-D5F73C426200}.Debug|x86.ActiveCfg = Debug|Win32
		{0DE0E137-9287-4521-B9FC-D5F73C426200}.Debug|x86.Build.0 = Debug|Win32
		{0DE0E137-9287-4521-B9FC-D5F73C426200}.Release|x64.ActiveCfg = Release|x64
		{0DE0E137-9287-4521-B9FC-D5F73C426200}.Release|x64.Build.0 = Release|x64
		{0DE0E137-9287-4521-B9FC-D5F73C426200}.Release|x86.ActiveCfg = Release|Win32
		{0DE0E137-9287-4521-B9FC-D5F73C426200}.Release|x86.Build.0 = Release|Win32
		{0DE0E137-9287-4521-B9FC-D5F73C426200}.ReleaseNoLogger|x64.ActiveCfg = ReleaseNoLogger|x64
		{0DE0E137-9287-4521-B9FC-D5F73C426200}.ReleaseNoLogger|x64.Build.0 = ReleaseNoLogger|x64
		{0DE0E137-9287-4521-B9FC-D5F73C426200}.ReleaseNoLogger|x86.ActiveCfg = ReleaseNoLogger|Win32
		{0DE0E137-9287-4521-B9FC-D5F73C426200}.ReleaseNoLogger|x86.Build.0 = ReleaseNoLogger|Win32
	EndGlobalSection
	GlobalSection(SolutionProperties) = preSolution
		HideSolutionNode = FALSE
	EndGlobalSection
	GlobalSection(ExtensibilityGlobals) = postSolution
		SolutionGuid = {34A38116-1ACA-4ECB-BF4A-10686A2FDBA6}
	EndGlobalSection
EndGlobal
